
Microsoft Visual Studio Solution File, Format Version 12.00
Project("{FAE04EC0-301F-11D3-BF4B-00C04F79EFBC}") = "ScrapbookBot", "ScrapbookBot.csproj", "{1F07F66D-7509-4D2F-9162-CE4A8382091B}"
EndProject
Global
	GlobalSection(SolutionConfigurationPlatforms) = preSolution
		Debug|Any CPU = Debug|Any CPU
		Release|Any CPU = Release|Any CPU
	EndGlobalSection
	GlobalSection(ProjectConfigurationPlatforms) = postSolution
		{1F07F66D-7509-4D2F-9162-CE4A8382091B}.Debug|Any CPU.ActiveCfg = Debug|Any CPU
		{1F07F66D-7509-4D2F-9162-CE4A8382091B}.Debug|Any CPU.Build.0 = Debug|Any CPU
		{1F07F66D-7509-4D2F-9162-CE4A8382091B}.Release|Any CPU.ActiveCfg = Release|Any CPU
		{1F07F66D-7509-4D2F-9162-CE4A8382091B}.Release|Any CPU.Build.0 = Release|Any CPU
	EndGlobalSection
EndGlobal
